
Microsoft Visual Studio Solution File, Format Version 12.00
# Visual Studio 15
VisualStudioVersion = 15.0.35319.79
MinimumVisualStudioVersion = 10.0.40219.1
Project("{FAE04EC0-301F-11D3-BF4B-00C04F79EFBC}") = "FlappyBird", "FlappyBird\FlappyBird.csproj", "{3E516887-AAD6-40A4-9BCC-9640B14C6B3F}"
EndProject
Global
	GlobalSection(SolutionConfigurationPlatforms) = preSolution
		Debug|Any CPU = Debug|Any CPU
		Release|Any CPU = Release|Any CPU
	EndGlobalSection
	GlobalSection(ProjectConfigurationPlatforms) = postSolution
		{3E516887-AAD6-40A4-9BCC-9640B14C6B3F}.Debug|Any CPU.ActiveCfg = Debug|Any CPU
		{3E516887-AAD6-40A4-9BCC-9640B14C6B3F}.Debug|Any CPU.Build.0 = Debug|Any CPU
		{3E516887-AAD6-40A4-9BCC-9640B14C6B3F}.Release|Any CPU.ActiveCfg = Release|Any CPU
		{3E516887-AAD6-40A4-9BCC-9640B14C6B3F}.Release|Any CPU.Build.0 = Release|Any CPU
	EndGlobalSection
	GlobalSection(SolutionProperties) = preSolution
		HideSolutionNode = FALSE
	EndGlobalSection
	GlobalSection(ExtensibilityGlobals) = postSolution
		SolutionGuid = {2BB9DE19-C19F-4B0E-AC6F-D6426D234CDC}
	EndGlobalSection
EndGlobal
