
Microsoft Visual Studio Solution File, Format Version 12.00
# Visual Studio 15
VisualStudioVersion = 15.0.35319.79
MinimumVisualStudioVersion = 10.0.40219.1
Project("{FAE04EC0-301F-11D3-BF4B-00C04F79EFBC}") = "AdamAsmaca", "AdamAsmaca\AdamAsmaca.csproj", "{CBD12D33-A215-49FC-9207-10E585BF9A2E}"
EndProject
Global
	GlobalSection(SolutionConfigurationPlatforms) = preSolution
		Debug|Any CPU = Debug|Any CPU
		Release|Any CPU = Release|Any CPU
	EndGlobalSection
	GlobalSection(ProjectConfigurationPlatforms) = postSolution
		{CBD12D33-A215-49FC-9207-10E585BF9A2E}.Debug|Any CPU.ActiveCfg = Debug|Any CPU
		{CBD12D33-A215-49FC-9207-10E585BF9A2E}.Debug|Any CPU.Build.0 = Debug|Any CPU
		{CBD12D33-A215-49FC-9207-10E585BF9A2E}.Release|Any CPU.ActiveCfg = Release|Any CPU
		{CBD12D33-A215-49FC-9207-10E585BF9A2E}.Release|Any CPU.Build.0 = Release|Any CPU
	EndGlobalSection
	GlobalSection(SolutionProperties) = preSolution
		HideSolutionNode = FALSE
	EndGlobalSection
	GlobalSection(ExtensibilityGlobals) = postSolution
		SolutionGuid = {412898FD-5FA6-481D-B2D7-5AD88148DE25}
	EndGlobalSection
EndGlobal
